
Microsoft Visual Studio Solution File, Format Version 12.00
# Visual Studio Version 17
VisualStudioVersion = 17.5.33414.496
MinimumVisualStudioVersion = 10.0.40219.1
Project("{FAE04EC0-301F-11D3-BF4B-00C04F79EFBC}") = "BasicPlugin", "BasicPlugin\BasicPlugin.csproj", "{7425DC05-20EF-44F9-9FBC-1A2B668D2FFF}"
EndProject
Global
	GlobalSection(SolutionConfigurationPlatforms) = preSolution
		Debug|Any CPU = Debug|Any CPU
		Release|Any CPU = Release|Any CPU
	EndGlobalSection
	GlobalSection(ProjectConfigurationPlatforms) = postSolution
		{7425DC05-20EF-44F9-9FBC-1A2B668D2FFF}.Debug|Any CPU.ActiveCfg = Debug|Any CPU
		{7425DC05-20EF-44F9-9FBC-1A2B668D2FFF}.Debug|Any CPU.Build.0 = Debug|Any CPU
		{7425DC05-20EF-44F9-9FBC-1A2B668D2FFF}.Release|Any CPU.ActiveCfg = Release|Any CPU
		{7425DC05-20EF-44F9-9FBC-1A2B668D2FFF}.Release|Any CPU.Build.0 = Release|Any CPU
	EndGlobalSection
	GlobalSection(SolutionProperties) = preSolution
		HideSolutionNode = FALSE
	EndGlobalSection
	GlobalSection(ExtensibilityGlobals) = postSolution
		SolutionGuid = {0CF5807B-0BC8-43C1-BBB0-54EBD7B33136}
	EndGlobalSection
EndGlobal
