
Microsoft Visual Studio Solution File, Format Version 12.00
# Visual Studio Version 17
VisualStudioVersion = 17.5.33414.496
MinimumVisualStudioVersion = 10.0.40219.1
Project("{FAE04EC0-301F-11D3-BF4B-00C04F79EFBC}") = "CrmPackage", "CrmPackage\CrmPackage.csproj", "{93A59FF0-31CC-42DF-B990-7548999CD8D2}"
	ProjectSection(ProjectDependencies) = postProject
		{E15B64F2-1934-4A63-88EC-CDF0649846A2} = {E15B64F2-1934-4A63-88EC-CDF0649846A2}
	EndProjectSection
EndProject
Project("{FAE04EC0-301F-11D3-BF4B-00C04F79EFBC}") = "Kuriya", "Kuriya\Kuriya.csproj", "{E15B64F2-1934-4A63-88EC-CDF0649846A2}"
EndProject
Global
	GlobalSection(SolutionConfigurationPlatforms) = preSolution
		Debug|Any CPU = Debug|Any CPU
		Release|Any CPU = Release|Any CPU
	EndGlobalSection
	GlobalSection(ProjectConfigurationPlatforms) = postSolution
		{93A59FF0-31CC-42DF-B990-7548999CD8D2}.Debug|Any CPU.ActiveCfg = Debug|Any CPU
		{93A59FF0-31CC-42DF-B990-7548999CD8D2}.Debug|Any CPU.Build.0 = Debug|Any CPU
		{93A59FF0-31CC-42DF-B990-7548999CD8D2}.Debug|Any CPU.Deploy.0 = Debug|Any CPU
		{93A59FF0-31CC-42DF-B990-7548999CD8D2}.Release|Any CPU.ActiveCfg = Release|Any CPU
		{93A59FF0-31CC-42DF-B990-7548999CD8D2}.Release|Any CPU.Build.0 = Release|Any CPU
		{93A59FF0-31CC-42DF-B990-7548999CD8D2}.Release|Any CPU.Deploy.0 = Release|Any CPU
		{E15B64F2-1934-4A63-88EC-CDF0649846A2}.Debug|Any CPU.ActiveCfg = Debug|Any CPU
		{E15B64F2-1934-4A63-88EC-CDF0649846A2}.Debug|Any CPU.Build.0 = Debug|Any CPU
		{E15B64F2-1934-4A63-88EC-CDF0649846A2}.Release|Any CPU.ActiveCfg = Release|Any CPU
		{E15B64F2-1934-4A63-88EC-CDF0649846A2}.Release|Any CPU.Build.0 = Release|Any CPU
	EndGlobalSection
	GlobalSection(SolutionProperties) = preSolution
		HideSolutionNode = FALSE
	EndGlobalSection
	GlobalSection(ExtensibilityGlobals) = postSolution
		SolutionGuid = {B86205BE-2753-4569-A3A3-04ABB0F63573}
	EndGlobalSection
	GlobalSection(CRMSolutionProperties) = preSolution
		SolutionIsBoundToCRM = True
	EndGlobalSection
EndGlobal
